
Microsoft Visual Studio Solution File, Format Version 12.00
# Visual Studio 15
Project("{FAE04EC0-301F-11D3-BF4B-00C04F79EFBC}") = "StunnelBindingCrash", "StunnelBindingCrash\StunnelBindingCrash.csproj", "{3B816B4C-4E97-468D-A1A6-90083453D7C7}"
EndProject
Global
	GlobalSection(SolutionConfigurationPlatforms) = preSolution
		Debug|iPhoneSimulator = Debug|iPhoneSimulator
		Release|iPhone = Release|iPhone
		Release|iPhoneSimulator = Release|iPhoneSimulator
		Debug|iPhone = Debug|iPhone
	EndGlobalSection
	GlobalSection(ProjectConfigurationPlatforms) = postSolution
		{3B816B4C-4E97-468D-A1A6-90083453D7C7}.Debug|iPhoneSimulator.ActiveCfg = Debug|iPhoneSimulator
		{3B816B4C-4E97-468D-A1A6-90083453D7C7}.Debug|iPhoneSimulator.Build.0 = Debug|iPhoneSimulator
		{3B816B4C-4E97-468D-A1A6-90083453D7C7}.Release|iPhone.ActiveCfg = Release|iPhone
		{3B816B4C-4E97-468D-A1A6-90083453D7C7}.Release|iPhone.Build.0 = Release|iPhone
		{3B816B4C-4E97-468D-A1A6-90083453D7C7}.Release|iPhoneSimulator.ActiveCfg = Release|iPhoneSimulator
		{3B816B4C-4E97-468D-A1A6-90083453D7C7}.Release|iPhoneSimulator.Build.0 = Release|iPhoneSimulator
		{3B816B4C-4E97-468D-A1A6-90083453D7C7}.Debug|iPhone.ActiveCfg = Debug|iPhone
		{3B816B4C-4E97-468D-A1A6-90083453D7C7}.Debug|iPhone.Build.0 = Debug|iPhone
	EndGlobalSection
EndGlobal
